
Microsoft Visual Studio Solution File, Format Version 12.00
# Visual Studio Version 17
VisualStudioVersion = 17.9.34622.214
MinimumVisualStudioVersion = 10.0.40219.1
Project("{9A19103F-16F7-4668-BE54-9A1E7A4F7556}") = "SimpleQuery.CodeGen", "SimpleQuery.CodeGen\SimpleQuery.CodeGen.csproj", "{6C39599D-CEAE-4C32-8A4E-82C9A6FFB91B}"
EndProject
Project("{9A19103F-16F7-4668-BE54-9A1E7A4F7556}") = "SimpleQuery", "SimpleQuery\SimpleQuery.csproj", "{4FBA9C3C-5556-4A3A-B55E-9B3EF84D7416}"
EndProject
Global
	GlobalSection(SolutionConfigurationPlatforms) = preSolution
		Debug|Any CPU = Debug|Any CPU
		Release|Any CPU = Release|Any CPU
	EndGlobalSection
	GlobalSection(ProjectConfigurationPlatforms) = postSolution
		{6C39599D-CEAE-4C32-8A4E-82C9A6FFB91B}.Debug|Any CPU.ActiveCfg = Debug|Any CPU
		{6C39599D-CEAE-4C32-8A4E-82C9A6FFB91B}.Debug|Any CPU.Build.0 = Debug|Any CPU
		{6C39599D-CEAE-4C32-8A4E-82C9A6FFB91B}.Release|Any CPU.ActiveCfg = Release|Any CPU
		{6C39599D-CEAE-4C32-8A4E-82C9A6FFB91B}.Release|Any CPU.Build.0 = Release|Any CPU
		{4FBA9C3C-5556-4A3A-B55E-9B3EF84D7416}.Debug|Any CPU.ActiveCfg = Debug|Any CPU
		{4FBA9C3C-5556-4A3A-B55E-9B3EF84D7416}.Debug|Any CPU.Build.0 = Debug|Any CPU
		{4FBA9C3C-5556-4A3A-B55E-9B3EF84D7416}.Release|Any CPU.ActiveCfg = Release|Any CPU
		{4FBA9C3C-5556-4A3A-B55E-9B3EF84D7416}.Release|Any CPU.Build.0 = Release|Any CPU
	EndGlobalSection
	GlobalSection(SolutionProperties) = preSolution
		HideSolutionNode = FALSE
	EndGlobalSection
	GlobalSection(ExtensibilityGlobals) = postSolution
		SolutionGuid = {49FC9B4D-63E8-414C-8151-9FC33B40BC2D}
	EndGlobalSection
EndGlobal
